
Microsoft Visual Studio Solution File, Format Version 12.00
# Visual Studio Version 17
VisualStudioVersion = 17.3.32929.385
MinimumVisualStudioVersion = 10.0.40219.1
Project("{9A19103F-16F7-4668-BE54-9A1E7A4F7556}") = "booking", "booking\booking.csproj", "{EF035C29-AE12-4F96-BEE6-80BF7DE5F8BE}"
EndProject
Project("{FAE04EC0-301F-11D3-BF4B-00C04F79EFBC}") = "booking.Infrastructure", "booking.BLL\booking.Infrastructure.csproj", "{C10E0D3C-11E9-46CE-A039-1AD51C85D3A9}"
EndProject
Project("{FAE04EC0-301F-11D3-BF4B-00C04F79EFBC}") = "booking.Common", "booking.Common\booking.Common.csproj", "{26E98241-1F76-4A18-BDE2-E2A18EE89C56}"
EndProject
Project("{FAE04EC0-301F-11D3-BF4B-00C04F79EFBC}") = "boking.BLL", "boking.BLL\boking.BLL.csproj", "{B99B4A94-5C37-402A-B77E-437FAB9388AF}"
EndProject
Global
	GlobalSection(SolutionConfigurationPlatforms) = preSolution
		Debug|Any CPU = Debug|Any CPU
		Release|Any CPU = Release|Any CPU
	EndGlobalSection
	GlobalSection(ProjectConfigurationPlatforms) = postSolution
		{EF035C29-AE12-4F96-BEE6-80BF7DE5F8BE}.Debug|Any CPU.ActiveCfg = Debug|Any CPU
		{EF035C29-AE12-4F96-BEE6-80BF7DE5F8BE}.Debug|Any CPU.Build.0 = Debug|Any CPU
		{EF035C29-AE12-4F96-BEE6-80BF7DE5F8BE}.Release|Any CPU.ActiveCfg = Release|Any CPU
		{EF035C29-AE12-4F96-BEE6-80BF7DE5F8BE}.Release|Any CPU.Build.0 = Release|Any CPU
		{C10E0D3C-11E9-46CE-A039-1AD51C85D3A9}.Debug|Any CPU.ActiveCfg = Debug|Any CPU
		{C10E0D3C-11E9-46CE-A039-1AD51C85D3A9}.Debug|Any CPU.Build.0 = Debug|Any CPU
		{C10E0D3C-11E9-46CE-A039-1AD51C85D3A9}.Release|Any CPU.ActiveCfg = Release|Any CPU
		{C10E0D3C-11E9-46CE-A039-1AD51C85D3A9}.Release|Any CPU.Build.0 = Release|Any CPU
		{26E98241-1F76-4A18-BDE2-E2A18EE89C56}.Debug|Any CPU.ActiveCfg = Debug|Any CPU
		{26E98241-1F76-4A18-BDE2-E2A18EE89C56}.Debug|Any CPU.Build.0 = Debug|Any CPU
		{26E98241-1F76-4A18-BDE2-E2A18EE89C56}.Release|Any CPU.ActiveCfg = Release|Any CPU
		{26E98241-1F76-4A18-BDE2-E2A18EE89C56}.Release|Any CPU.Build.0 = Release|Any CPU
		{B99B4A94-5C37-402A-B77E-437FAB9388AF}.Debug|Any CPU.ActiveCfg = Debug|Any CPU
		{B99B4A94-5C37-402A-B77E-437FAB9388AF}.Debug|Any CPU.Build.0 = Debug|Any CPU
		{B99B4A94-5C37-402A-B77E-437FAB9388AF}.Release|Any CPU.ActiveCfg = Release|Any CPU
		{B99B4A94-5C37-402A-B77E-437FAB9388AF}.Release|Any CPU.Build.0 = Release|Any CPU
	EndGlobalSection
	GlobalSection(SolutionProperties) = preSolution
		HideSolutionNode = FALSE
	EndGlobalSection
	GlobalSection(ExtensibilityGlobals) = postSolution
		SolutionGuid = {4F912FCF-01D0-4392-83F4-632000FA14E5}
	EndGlobalSection
EndGlobal
